
Microsoft Visual Studio Solution File, Format Version 12.00
# Visual Studio 14
VisualStudioVersion = 14.0.25123.0
MinimumVisualStudioVersion = 10.0.40219.1
Project("{FAE04EC0-301F-11D3-BF4B-00C04F79EFBC}") = "Terran_Command_Center", "Terran_Command_Center\Terran_Command_Center.csproj", "{9979C1DD-75C2-4BA9-8F67-B9E93EF4062E}"
EndProject
Project("{FAE04EC0-301F-11D3-BF4B-00C04F79EFBC}") = "Terran_Test", "Terran_Test\Terran_Test.csproj", "{725A4F75-DEE7-4B0C-A371-265A0F33196D}"
EndProject
Global
	GlobalSection(SolutionConfigurationPlatforms) = preSolution
		Debug|Any CPU = Debug|Any CPU
		Release|Any CPU = Release|Any CPU
	EndGlobalSection
	GlobalSection(ProjectConfigurationPlatforms) = postSolution
		{9979C1DD-75C2-4BA9-8F67-B9E93EF4062E}.Debug|Any CPU.ActiveCfg = Debug|Any CPU
		{9979C1DD-75C2-4BA9-8F67-B9E93EF4062E}.Debug|Any CPU.Build.0 = Debug|Any CPU
		{9979C1DD-75C2-4BA9-8F67-B9E93EF4062E}.Release|Any CPU.ActiveCfg = Release|Any CPU
		{9979C1DD-75C2-4BA9-8F67-B9E93EF4062E}.Release|Any CPU.Build.0 = Release|Any CPU
		{725A4F75-DEE7-4B0C-A371-265A0F33196D}.Debug|Any CPU.ActiveCfg = Debug|Any CPU
		{725A4F75-DEE7-4B0C-A371-265A0F33196D}.Debug|Any CPU.Build.0 = Debug|Any CPU
		{725A4F75-DEE7-4B0C-A371-265A0F33196D}.Release|Any CPU.ActiveCfg = Release|Any CPU
		{725A4F75-DEE7-4B0C-A371-265A0F33196D}.Release|Any CPU.Build.0 = Release|Any CPU
	EndGlobalSection
	GlobalSection(SolutionProperties) = preSolution
		HideSolutionNode = FALSE
	EndGlobalSection
EndGlobal
